{
  "nodes": {
    "nixpkgs": {
      "locked": {
        "lastModified": 1764338033,
        "narHash": "sha256-1LNGcU+aTbATD3BPCf7U1KsP1CjCH+ZWqM6JH0sZ6Q0=",
        "owner": "nixos",
        "repo": "nixpkgs",
        "rev": "ba9b83e5fb4b552a423d24dabe5ccb47a9c89901",
        "type": "github"
      },
      "original": {
        "owner": "nixos",
        "ref": "nixos-25.11",
        "repo": "nixpkgs",
        "type": "github"
      }
    },
    "root": {
      "inputs": {
        "nixpkgs": "nixpkgs"
      }
    }
  },
  "root": "root",
  "version": 7
}
